{
  "originHash" : "c2aaf78201ae39fce7bffeda2b18aa9ed728eee0545372dcf16e810bf9d942a3",
  "pins" : [
    {
      "identity" : "capacitor-swift-pm",
      "kind" : "remoteSourceControl",
      "location" : "https://github.com/ionic-team/capacitor-swift-pm.git",
      "state" : {
        "revision" : "992959f0467c781eb6a1637e69d87481238c3672",
        "version" : "8.3.4"
      }
    },
    {
      "identity" : "purchases-hybrid-common",
      "kind" : "remoteSourceControl",
      "location" : "https://github.com/RevenueCat/purchases-hybrid-common.git",
      "state" : {
        "revision" : "4a4a4ddc2cc19ec097fba2a1f6bfa4cc89ded235",
        "version" : "18.8.0"
      }
    },
    {
      "identity" : "purchases-ios-spm",
      "kind" : "remoteSourceControl",
      "location" : "https://github.com/RevenueCat/purchases-ios-spm",
      "state" : {
        "revision" : "98435c3d7b0f6210b2303fc7f2ec09510d4790b6",
        "version" : "5.74.0"
      }
    }
  ],
  "version" : 3
}
